
Microsoft Visual Studio Solution File, Format Version 12.00
# Visual Studio 14
VisualStudioVersion = 14.0.24720.0
MinimumVisualStudioVersion = 10.0.40219.1
Project("{FAE04EC0-301F-11D3-BF4B-00C04F79EFBC}") = "EP.Internship.Domain", "src\EP.Internship.Domain\EP.Internship.Domain.csproj", "{EF6ED98E-58B8-44F6-B7B5-F3C7D4A8D5D0}"
EndProject
Global
	GlobalSection(SolutionConfigurationPlatforms) = preSolution
		Debug|Any CPU = Debug|Any CPU
		Release|Any CPU = Release|Any CPU
	EndGlobalSection
	GlobalSection(ProjectConfigurationPlatforms) = postSolution
		{EF6ED98E-58B8-44F6-B7B5-F3C7D4A8D5D0}.Debug|Any CPU.ActiveCfg = Debug|Any CPU
		{EF6ED98E-58B8-44F6-B7B5-F3C7D4A8D5D0}.Debug|Any CPU.Build.0 = Debug|Any CPU
		{EF6ED98E-58B8-44F6-B7B5-F3C7D4A8D5D0}.Release|Any CPU.ActiveCfg = Release|Any CPU
		{EF6ED98E-58B8-44F6-B7B5-F3C7D4A8D5D0}.Release|Any CPU.Build.0 = Release|Any CPU
	EndGlobalSection
	GlobalSection(SolutionProperties) = preSolution
		HideSolutionNode = FALSE
	EndGlobalSection
EndGlobal
